
Microsoft Visual Studio Solution File, Format Version 12.00
# Visual Studio Version 16
VisualStudioVersion = 16.0.31410.357
MinimumVisualStudioVersion = 10.0.40219.1
Project("{FAE04EC0-301F-11D3-BF4B-00C04F79EFBC}") = "Primeiro", "ConsoleApp1\Primeiro.csproj", "{6DCDC3A3-B88F-46F1-8E56-56544BCB7761}"
EndProject
Global
	GlobalSection(SolutionConfigurationPlatforms) = preSolution
		Debug|Any CPU = Debug|Any CPU
		Release|Any CPU = Release|Any CPU
	EndGlobalSection
	GlobalSection(ProjectConfigurationPlatforms) = postSolution
		{6DCDC3A3-B88F-46F1-8E56-56544BCB7761}.Debug|Any CPU.ActiveCfg = Debug|Any CPU
		{6DCDC3A3-B88F-46F1-8E56-56544BCB7761}.Debug|Any CPU.Build.0 = Debug|Any CPU
		{6DCDC3A3-B88F-46F1-8E56-56544BCB7761}.Release|Any CPU.ActiveCfg = Release|Any CPU
		{6DCDC3A3-B88F-46F1-8E56-56544BCB7761}.Release|Any CPU.Build.0 = Release|Any CPU
	EndGlobalSection
	GlobalSection(SolutionProperties) = preSolution
		HideSolutionNode = FALSE
	EndGlobalSection
	GlobalSection(ExtensibilityGlobals) = postSolution
		SolutionGuid = {A3BFF495-0D5E-495B-B91D-E2E5AFC03CF7}
	EndGlobalSection
EndGlobal
