
Microsoft Visual Studio Solution File, Format Version 12.00
# Visual Studio Version 16
VisualStudioVersion = 16.0.31410.357
MinimumVisualStudioVersion = 10.0.40219.1
Project("{FAE04EC0-301F-11D3-BF4B-00C04F79EFBC}") = "teste-processamento", "teste-processamento\teste-processamento.csproj", "{6CC948F8-3E99-4517-8040-6851C3BC9792}"
EndProject
Global
	GlobalSection(SolutionConfigurationPlatforms) = preSolution
		Debug|Any CPU = Debug|Any CPU
		Release|Any CPU = Release|Any CPU
	EndGlobalSection
	GlobalSection(ProjectConfigurationPlatforms) = postSolution
		{6CC948F8-3E99-4517-8040-6851C3BC9792}.Debug|Any CPU.ActiveCfg = Debug|Any CPU
		{6CC948F8-3E99-4517-8040-6851C3BC9792}.Debug|Any CPU.Build.0 = Debug|Any CPU
		{6CC948F8-3E99-4517-8040-6851C3BC9792}.Release|Any CPU.ActiveCfg = Release|Any CPU
		{6CC948F8-3E99-4517-8040-6851C3BC9792}.Release|Any CPU.Build.0 = Release|Any CPU
	EndGlobalSection
	GlobalSection(SolutionProperties) = preSolution
		HideSolutionNode = FALSE
	EndGlobalSection
	GlobalSection(ExtensibilityGlobals) = postSolution
		SolutionGuid = {1C0E3937-CD3D-4BD5-81C3-7738E31A2B27}
	EndGlobalSection
EndGlobal
