
Microsoft Visual Studio Solution File, Format Version 12.00
# Visual Studio Version 16
VisualStudioVersion = 16.0.31410.357
MinimumVisualStudioVersion = 10.0.40219.1
Project("{FAE04EC0-301F-11D3-BF4B-00C04F79EFBC}") = "teste-processamentoURI", "teste-processamentoURI\teste-processamentoURI.csproj", "{5FE3AF2B-4AF7-406E-B2E5-4928BD86FF23}"
EndProject
Global
	GlobalSection(SolutionConfigurationPlatforms) = preSolution
		Debug|Any CPU = Debug|Any CPU
		Release|Any CPU = Release|Any CPU
	EndGlobalSection
	GlobalSection(ProjectConfigurationPlatforms) = postSolution
		{5FE3AF2B-4AF7-406E-B2E5-4928BD86FF23}.Debug|Any CPU.ActiveCfg = Debug|Any CPU
		{5FE3AF2B-4AF7-406E-B2E5-4928BD86FF23}.Debug|Any CPU.Build.0 = Debug|Any CPU
		{5FE3AF2B-4AF7-406E-B2E5-4928BD86FF23}.Release|Any CPU.ActiveCfg = Release|Any CPU
		{5FE3AF2B-4AF7-406E-B2E5-4928BD86FF23}.Release|Any CPU.Build.0 = Release|Any CPU
	EndGlobalSection
	GlobalSection(SolutionProperties) = preSolution
		HideSolutionNode = FALSE
	EndGlobalSection
	GlobalSection(ExtensibilityGlobals) = postSolution
		SolutionGuid = {6C9064F4-3BDD-4FC3-87E6-DC6DDB2C7C54}
	EndGlobalSection
EndGlobal
