
Microsoft Visual Studio Solution File, Format Version 12.00
# Visual Studio Version 16
VisualStudioVersion = 16.0.31410.357
MinimumVisualStudioVersion = 10.0.40219.1
Project("{FAE04EC0-301F-11D3-BF4B-00C04F79EFBC}") = "curso", "curso\curso.csproj", "{CA89AD2D-B0A2-44CD-AF34-E65B67DCAD5A}"
EndProject
Global
	GlobalSection(SolutionConfigurationPlatforms) = preSolution
		Debug|Any CPU = Debug|Any CPU
		Release|Any CPU = Release|Any CPU
	EndGlobalSection
	GlobalSection(ProjectConfigurationPlatforms) = postSolution
		{CA89AD2D-B0A2-44CD-AF34-E65B67DCAD5A}.Debug|Any CPU.ActiveCfg = Debug|Any CPU
		{CA89AD2D-B0A2-44CD-AF34-E65B67DCAD5A}.Debug|Any CPU.Build.0 = Debug|Any CPU
		{CA89AD2D-B0A2-44CD-AF34-E65B67DCAD5A}.Release|Any CPU.ActiveCfg = Release|Any CPU
		{CA89AD2D-B0A2-44CD-AF34-E65B67DCAD5A}.Release|Any CPU.Build.0 = Release|Any CPU
	EndGlobalSection
	GlobalSection(SolutionProperties) = preSolution
		HideSolutionNode = FALSE
	EndGlobalSection
	GlobalSection(ExtensibilityGlobals) = postSolution
		SolutionGuid = {5A1B8F4B-4E0B-4FB9-B571-CB8DA67EC6CF}
	EndGlobalSection
EndGlobal
