
Microsoft Visual Studio Solution File, Format Version 12.00
# Visual Studio Version 16
VisualStudioVersion = 16.0.31410.357
MinimumVisualStudioVersion = 10.0.40219.1
Project("{FAE04EC0-301F-11D3-BF4B-00C04F79EFBC}") = "CadastroSimples", "CadastroSimples\CadastroSimples.csproj", "{CA6144A3-8EE4-468F-AD61-888ACE86C4C6}"
EndProject
Global
	GlobalSection(SolutionConfigurationPlatforms) = preSolution
		Debug|Any CPU = Debug|Any CPU
		Release|Any CPU = Release|Any CPU
	EndGlobalSection
	GlobalSection(ProjectConfigurationPlatforms) = postSolution
		{CA6144A3-8EE4-468F-AD61-888ACE86C4C6}.Debug|Any CPU.ActiveCfg = Debug|Any CPU
		{CA6144A3-8EE4-468F-AD61-888ACE86C4C6}.Debug|Any CPU.Build.0 = Debug|Any CPU
		{CA6144A3-8EE4-468F-AD61-888ACE86C4C6}.Release|Any CPU.ActiveCfg = Release|Any CPU
		{CA6144A3-8EE4-468F-AD61-888ACE86C4C6}.Release|Any CPU.Build.0 = Release|Any CPU
	EndGlobalSection
	GlobalSection(SolutionProperties) = preSolution
		HideSolutionNode = FALSE
	EndGlobalSection
	GlobalSection(ExtensibilityGlobals) = postSolution
		SolutionGuid = {C706D8CB-71F6-4910-8EBF-320CB208E694}
	EndGlobalSection
EndGlobal
